
Microsoft Visual Studio Solution File, Format Version 12.00
# Visual Studio Version 17
VisualStudioVersion = 17.4.33103.184
MinimumVisualStudioVersion = 10.0.40219.1
Project("{FAE04EC0-301F-11D3-BF4B-00C04F79EFBC}") = "Erocten.Website", "src\Erocten.Website\Erocten.Website.csproj", "{4506EB6E-1918-477C-9DA6-129F0107391A}"
EndProject
Global
	GlobalSection(SolutionConfigurationPlatforms) = preSolution
		Debug|Any CPU = Debug|Any CPU
		Release|Any CPU = Release|Any CPU
	EndGlobalSection
	GlobalSection(ProjectConfigurationPlatforms) = postSolution
		{4506EB6E-1918-477C-9DA6-129F0107391A}.Debug|Any CPU.ActiveCfg = Debug|Any CPU
		{4506EB6E-1918-477C-9DA6-129F0107391A}.Debug|Any CPU.Build.0 = Debug|Any CPU
		{4506EB6E-1918-477C-9DA6-129F0107391A}.Release|Any CPU.ActiveCfg = Release|Any CPU
		{4506EB6E-1918-477C-9DA6-129F0107391A}.Release|Any CPU.Build.0 = Release|Any CPU
	EndGlobalSection
	GlobalSection(SolutionProperties) = preSolution
		HideSolutionNode = FALSE
	EndGlobalSection
	GlobalSection(ExtensibilityGlobals) = postSolution
		SolutionGuid = {885BDCFA-D22D-48FE-8D89-DAF0FA32C1FF}
	EndGlobalSection
EndGlobal
